
Microsoft Visual Studio Solution File, Format Version 12.00
# Visual Studio Version 16
VisualStudioVersion = 16.0.35026.282
MinimumVisualStudioVersion = 10.0.40219.1
Project("{FAE04EC0-301F-11D3-BF4B-00C04F79EFBC}") = "Symbolic Link Creator", "Symbolic Link Creator.csproj", "{1A0CB8AC-5F87-484A-8B25-B767C64AB5E9}"
EndProject
Global
	GlobalSection(SolutionConfigurationPlatforms) = preSolution
		Debug|Any CPU = Debug|Any CPU
		Release|Any CPU = Release|Any CPU
	EndGlobalSection
	GlobalSection(ProjectConfigurationPlatforms) = postSolution
		{1A0CB8AC-5F87-484A-8B25-B767C64AB5E9}.Debug|Any CPU.ActiveCfg = Debug|Any CPU
		{1A0CB8AC-5F87-484A-8B25-B767C64AB5E9}.Debug|Any CPU.Build.0 = Debug|Any CPU
		{1A0CB8AC-5F87-484A-8B25-B767C64AB5E9}.Release|Any CPU.ActiveCfg = Release|Any CPU
		{1A0CB8AC-5F87-484A-8B25-B767C64AB5E9}.Release|Any CPU.Build.0 = Release|Any CPU
	EndGlobalSection
	GlobalSection(SolutionProperties) = preSolution
		HideSolutionNode = FALSE
	EndGlobalSection
	GlobalSection(ExtensibilityGlobals) = postSolution
		SolutionGuid = {AA720301-6B2A-40F8-8374-68BF53F7BFAB}
	EndGlobalSection
EndGlobal
